
Microsoft Visual Studio Solution File, Format Version 12.00
# Visual Studio Version 16
VisualStudioVersion = 16.0.31019.35
MinimumVisualStudioVersion = 10.0.40219.1
Project("{FAE04EC0-301F-11D3-BF4B-00C04F79EFBC}") = "ASPCoreLog4Net", "ASPCoreLog4Net\ASPCoreLog4Net.csproj", "{7ABAE476-51D0-405C-8FF9-3123869B5ED1}"
EndProject
Global
	GlobalSection(SolutionConfigurationPlatforms) = preSolution
		Debug|Any CPU = Debug|Any CPU
		Release|Any CPU = Release|Any CPU
	EndGlobalSection
	GlobalSection(ProjectConfigurationPlatforms) = postSolution
		{7ABAE476-51D0-405C-8FF9-3123869B5ED1}.Debug|Any CPU.ActiveCfg = Debug|Any CPU
		{7ABAE476-51D0-405C-8FF9-3123869B5ED1}.Debug|Any CPU.Build.0 = Debug|Any CPU
		{7ABAE476-51D0-405C-8FF9-3123869B5ED1}.Release|Any CPU.ActiveCfg = Release|Any CPU
		{7ABAE476-51D0-405C-8FF9-3123869B5ED1}.Release|Any CPU.Build.0 = Release|Any CPU
	EndGlobalSection
	GlobalSection(SolutionProperties) = preSolution
		HideSolutionNode = FALSE
	EndGlobalSection
	GlobalSection(ExtensibilityGlobals) = postSolution
		SolutionGuid = {55BC4B22-410C-4B74-BD0A-82B904E62FCA}
	EndGlobalSection
EndGlobal
