
Microsoft Visual Studio Solution File, Format Version 12.00
# Visual Studio Version 16
VisualStudioVersion = 16.0.31019.35
MinimumVisualStudioVersion = 10.0.40219.1
Project("{FAE04EC0-301F-11D3-BF4B-00C04F79EFBC}") = "BuilderHandson", "BuilderHandson\BuilderHandson.csproj", "{77451969-5A14-40B9-A624-0BEEA06D19AB}"
EndProject
Global
	GlobalSection(SolutionConfigurationPlatforms) = preSolution
		Debug|Any CPU = Debug|Any CPU
		Release|Any CPU = Release|Any CPU
	EndGlobalSection
	GlobalSection(ProjectConfigurationPlatforms) = postSolution
		{77451969-5A14-40B9-A624-0BEEA06D19AB}.Debug|Any CPU.ActiveCfg = Debug|Any CPU
		{77451969-5A14-40B9-A624-0BEEA06D19AB}.Debug|Any CPU.Build.0 = Debug|Any CPU
		{77451969-5A14-40B9-A624-0BEEA06D19AB}.Release|Any CPU.ActiveCfg = Release|Any CPU
		{77451969-5A14-40B9-A624-0BEEA06D19AB}.Release|Any CPU.Build.0 = Release|Any CPU
	EndGlobalSection
	GlobalSection(SolutionProperties) = preSolution
		HideSolutionNode = FALSE
	EndGlobalSection
	GlobalSection(ExtensibilityGlobals) = postSolution
		SolutionGuid = {0E18B1E2-2FAD-44DF-8716-3BE73425E572}
	EndGlobalSection
EndGlobal
