
Microsoft Visual Studio Solution File, Format Version 12.00
# Visual Studio Version 16
VisualStudioVersion = 16.0.30804.86
MinimumVisualStudioVersion = 10.0.40219.1
Project("{FAE04EC0-301F-11D3-BF4B-00C04F79EFBC}") = "CustomerCommLib", "CustomerCommLib\CustomerCommLib.csproj", "{A9E64B9F-4945-4CF4-AD28-38243967B038}"
EndProject
Project("{FAE04EC0-301F-11D3-BF4B-00C04F79EFBC}") = "CustomerCom.Tests", "CustomerComm.Tests\CustomerCom.Tests.csproj", "{2D4C75BB-D9EA-43E5-AB9B-87720FA50AAD}"
EndProject
Global
	GlobalSection(SolutionConfigurationPlatforms) = preSolution
		Debug|Any CPU = Debug|Any CPU
		Release|Any CPU = Release|Any CPU
	EndGlobalSection
	GlobalSection(ProjectConfigurationPlatforms) = postSolution
		{A9E64B9F-4945-4CF4-AD28-38243967B038}.Debug|Any CPU.ActiveCfg = Debug|Any CPU
		{A9E64B9F-4945-4CF4-AD28-38243967B038}.Debug|Any CPU.Build.0 = Debug|Any CPU
		{A9E64B9F-4945-4CF4-AD28-38243967B038}.Release|Any CPU.ActiveCfg = Release|Any CPU
		{A9E64B9F-4945-4CF4-AD28-38243967B038}.Release|Any CPU.Build.0 = Release|Any CPU
		{2D4C75BB-D9EA-43E5-AB9B-87720FA50AAD}.Debug|Any CPU.ActiveCfg = Debug|Any CPU
		{2D4C75BB-D9EA-43E5-AB9B-87720FA50AAD}.Debug|Any CPU.Build.0 = Debug|Any CPU
		{2D4C75BB-D9EA-43E5-AB9B-87720FA50AAD}.Release|Any CPU.ActiveCfg = Release|Any CPU
		{2D4C75BB-D9EA-43E5-AB9B-87720FA50AAD}.Release|Any CPU.Build.0 = Release|Any CPU
	EndGlobalSection
	GlobalSection(SolutionProperties) = preSolution
		HideSolutionNode = FALSE
	EndGlobalSection
	GlobalSection(ExtensibilityGlobals) = postSolution
		SolutionGuid = {3A9F0373-C421-4B5E-B922-4D41BE06A1A7}
	EndGlobalSection
EndGlobal
